
Microsoft Visual Studio Solution File, Format Version 12.00
# Visual Studio 2013
VisualStudioVersion = 12.0.40629.0
MinimumVisualStudioVersion = 10.0.40219.1
Project("{8BC9CEB8-8B4A-11D0-8D11-00A0C91BC942}") = "UnitTest1", "UnitTest1.vcxproj", "{BFBE3433-A656-4958-91A8-7CE4B6894D05}"
EndProject
Global
	GlobalSection(SolutionConfigurationPlatforms) = preSolution
		Debug|Win32 = Debug|Win32
		Release|Win32 = Release|Win32
	EndGlobalSection
	GlobalSection(ProjectConfigurationPlatforms) = postSolution
		{BFBE3433-A656-4958-91A8-7CE4B6894D05}.Debug|Win32.ActiveCfg = Debug|Win32
		{BFBE3433-A656-4958-91A8-7CE4B6894D05}.Debug|Win32.Build.0 = Debug|Win32
		{BFBE3433-A656-4958-91A8-7CE4B6894D05}.Release|Win32.ActiveCfg = Release|Win32
		{BFBE3433-A656-4958-91A8-7CE4B6894D05}.Release|Win32.Build.0 = Release|Win32
	EndGlobalSection
	GlobalSection(SolutionProperties) = preSolution
		HideSolutionNode = FALSE
	EndGlobalSection
EndGlobal
